
Microsoft Visual Studio Solution File, Format Version 12.00
# Visual Studio Version 16
VisualStudioVersion = 16.0.29102.190
MinimumVisualStudioVersion = 10.0.40219.1
Project("{FAE04EC0-301F-11D3-BF4B-00C04F79EFBC}") = "Mvc.DynamicMenu", "Mvc.DynamicMenu\Mvc.DynamicMenu.csproj", "{B7E5B281-56B6-4A77-B600-DDFB333536D9}"
EndProject
Global
	GlobalSection(SolutionConfigurationPlatforms) = preSolution
		Debug|Any CPU = Debug|Any CPU
		Release|Any CPU = Release|Any CPU
	EndGlobalSection
	GlobalSection(ProjectConfigurationPlatforms) = postSolution
		{B7E5B281-56B6-4A77-B600-DDFB333536D9}.Debug|Any CPU.ActiveCfg = Debug|Any CPU
		{B7E5B281-56B6-4A77-B600-DDFB333536D9}.Debug|Any CPU.Build.0 = Debug|Any CPU
		{B7E5B281-56B6-4A77-B600-DDFB333536D9}.Release|Any CPU.ActiveCfg = Release|Any CPU
		{B7E5B281-56B6-4A77-B600-DDFB333536D9}.Release|Any CPU.Build.0 = Release|Any CPU
	EndGlobalSection
	GlobalSection(SolutionProperties) = preSolution
		HideSolutionNode = FALSE
	EndGlobalSection
	GlobalSection(ExtensibilityGlobals) = postSolution
		SolutionGuid = {E7DEF376-73E6-4945-BB1C-E8915B145282}
	EndGlobalSection
EndGlobal
